
Microsoft Visual Studio Solution File, Format Version 12.00
# Visual Studio Version 17
VisualStudioVersion = 17.4.33213.308
MinimumVisualStudioVersion = 10.0.40219.1
Project("{FAE04EC0-301F-11D3-BF4B-00C04F79EFBC}") = "Bordspellen", "Bordspellen\Bordspellen.csproj", "{140592AF-F3B2-4A33-936A-AE54A34FFBC4}"
EndProject
Global
	GlobalSection(SolutionConfigurationPlatforms) = preSolution
		Debug|Any CPU = Debug|Any CPU
		Release|Any CPU = Release|Any CPU
	EndGlobalSection
	GlobalSection(ProjectConfigurationPlatforms) = postSolution
		{140592AF-F3B2-4A33-936A-AE54A34FFBC4}.Debug|Any CPU.ActiveCfg = Debug|Any CPU
		{140592AF-F3B2-4A33-936A-AE54A34FFBC4}.Debug|Any CPU.Build.0 = Debug|Any CPU
		{140592AF-F3B2-4A33-936A-AE54A34FFBC4}.Release|Any CPU.ActiveCfg = Release|Any CPU
		{140592AF-F3B2-4A33-936A-AE54A34FFBC4}.Release|Any CPU.Build.0 = Release|Any CPU
	EndGlobalSection
	GlobalSection(SolutionProperties) = preSolution
		HideSolutionNode = FALSE
	EndGlobalSection
	GlobalSection(ExtensibilityGlobals) = postSolution
		SolutionGuid = {E0273B26-615F-41C4-A1EB-FD7F6442E944}
	EndGlobalSection
EndGlobal
